{
  "requires": true,
  "lockfileVersion": 1,
  "dependencies": {
    "@aspnet/signalr": {
      "version": "1.0.2",
      "resolved": "https://registry.npmjs.org/@aspnet/signalr/-/signalr-1.0.2.tgz",
      "integrity": "sha512-sXleqUCCbodCOqUA8MjLSvtAgDTvDhEq6j3JyAq/w4RMJhpZ+dXK9+6xEMbzag2hisq5e/8vDC82JYutkcOISQ=="
    },
    "tslib": {
      "version": "1.9.3",
      "resolved": "https://registry.npmjs.org/tslib/-/tslib-1.9.3.tgz",
      "integrity": "sha512-4krF8scpejhaOgqzBEcGM7yDIEfi0/8+8zDRZhNZZ2kjmHJ4hv3zCbQWxoJGz1iw5U0Jl0nma13xzHXcncMavQ=="
    }
  }
}
